speakeasyVersion: 1.796.4
sources:
    aeriox-api:
        sourceNamespace: aeriox-api
        sourceRevisionDigest: sha256:8224387af8e7eb7846c485ff9b6a94d8572df41d7b849ddeb5ab74f133d54b6e
        sourceBlobDigest: sha256:4ae07c8a1f68e026c859301afb289be96f43806068e08fc597f0bc36fbf8cc55
        tags:
            - latest
            - 1.0.0
targets:
    aeriox-typescript:
        source: aeriox-api
        sourceNamespace: aeriox-api
        sourceRevisionDigest: sha256:8224387af8e7eb7846c485ff9b6a94d8572df41d7b849ddeb5ab74f133d54b6e
        sourceBlobDigest: sha256:4ae07c8a1f68e026c859301afb289be96f43806068e08fc597f0bc36fbf8cc55
        codeSamplesNamespace: aeriox-api-typescript-code-samples
        codeSamplesRevisionDigest: sha256:844b719772035a7c6e6391803b7e6a019085c43dc751e0846a8149979a64bc72
workflow:
    workflowVersion: 1.0.0
    speakeasyVersion: latest
    sources:
        aeriox-api:
            inputs:
                - location: https://api.aeriox.co/openapi.json
            registry:
                location: registry.speakeasyapi.dev/aeriox/aeriox/aeriox-api
    targets:
        aeriox-typescript:
            target: typescript
            source: aeriox-api
            publish:
                npm:
                    token: $npm_token
            codeSamples:
                registry:
                    location: registry.speakeasyapi.dev/aeriox/aeriox/aeriox-api-typescript-code-samples
                labelOverride:
                    fixedValue: Typescript (SDK)
                blocking: false
